
Microsoft Visual Studio Solution File, Format Version 12.00
# Visual Studio Version 17
VisualStudioVersion = 17.5.002.0
MinimumVisualStudioVersion = 10.0.40219.1
Project("{9A19103F-16F7-4668-BE54-9A1E7A4F7556}") = "AdivinharNumero", "AdivinharNumero.csproj", "{CCD4AD60-1AE8-488B-9413-6AAC206D7782}"
EndProject
Global
	GlobalSection(SolutionConfigurationPlatforms) = preSolution
		Debug|Any CPU = Debug|Any CPU
		Release|Any CPU = Release|Any CPU
	EndGlobalSection
	GlobalSection(ProjectConfigurationPlatforms) = postSolution
		{CCD4AD60-1AE8-488B-9413-6AAC206D7782}.Debug|Any CPU.ActiveCfg = Debug|Any CPU
		{CCD4AD60-1AE8-488B-9413-6AAC206D7782}.Debug|Any CPU.Build.0 = Debug|Any CPU
		{CCD4AD60-1AE8-488B-9413-6AAC206D7782}.Release|Any CPU.ActiveCfg = Release|Any CPU
		{CCD4AD60-1AE8-488B-9413-6AAC206D7782}.Release|Any CPU.Build.0 = Release|Any CPU
	EndGlobalSection
	GlobalSection(SolutionProperties) = preSolution
		HideSolutionNode = FALSE
	EndGlobalSection
	GlobalSection(ExtensibilityGlobals) = postSolution
		SolutionGuid = {34184A09-05C1-40B3-B344-ECEEAD1198F7}
	EndGlobalSection
EndGlobal
