
Microsoft Visual Studio Solution File, Format Version 12.00
# Visual Studio Version 17
VisualStudioVersion = 17.5.002.0
MinimumVisualStudioVersion = 10.0.40219.1
Project("{9A19103F-16F7-4668-BE54-9A1E7A4F7556}") = "Teste", "Teste.csproj", "{1D2035CD-682D-48EF-B783-5D311F952B07}"
EndProject
Global
	GlobalSection(SolutionConfigurationPlatforms) = preSolution
		Debug|Any CPU = Debug|Any CPU
		Release|Any CPU = Release|Any CPU
	EndGlobalSection
	GlobalSection(ProjectConfigurationPlatforms) = postSolution
		{1D2035CD-682D-48EF-B783-5D311F952B07}.Debug|Any CPU.ActiveCfg = Debug|Any CPU
		{1D2035CD-682D-48EF-B783-5D311F952B07}.Debug|Any CPU.Build.0 = Debug|Any CPU
		{1D2035CD-682D-48EF-B783-5D311F952B07}.Release|Any CPU.ActiveCfg = Release|Any CPU
		{1D2035CD-682D-48EF-B783-5D311F952B07}.Release|Any CPU.Build.0 = Release|Any CPU
	EndGlobalSection
	GlobalSection(SolutionProperties) = preSolution
		HideSolutionNode = FALSE
	EndGlobalSection
	GlobalSection(ExtensibilityGlobals) = postSolution
		SolutionGuid = {B5C5635E-FB01-4057-9658-54457CF10B1D}
	EndGlobalSection
EndGlobal
