
Microsoft Visual Studio Solution File, Format Version 12.00
# Visual Studio Version 17
VisualStudioVersion = 17.5.002.0
MinimumVisualStudioVersion = 10.0.40219.1
Project("{9A19103F-16F7-4668-BE54-9A1E7A4F7556}") = "ContarNumLetras", "ContarNumLetras.csproj", "{20959FE4-AA45-494E-AFCE-90BB3E4108F5}"
EndProject
Global
	GlobalSection(SolutionConfigurationPlatforms) = preSolution
		Debug|Any CPU = Debug|Any CPU
		Release|Any CPU = Release|Any CPU
	EndGlobalSection
	GlobalSection(ProjectConfigurationPlatforms) = postSolution
		{20959FE4-AA45-494E-AFCE-90BB3E4108F5}.Debug|Any CPU.ActiveCfg = Debug|Any CPU
		{20959FE4-AA45-494E-AFCE-90BB3E4108F5}.Debug|Any CPU.Build.0 = Debug|Any CPU
		{20959FE4-AA45-494E-AFCE-90BB3E4108F5}.Release|Any CPU.ActiveCfg = Release|Any CPU
		{20959FE4-AA45-494E-AFCE-90BB3E4108F5}.Release|Any CPU.Build.0 = Release|Any CPU
	EndGlobalSection
	GlobalSection(SolutionProperties) = preSolution
		HideSolutionNode = FALSE
	EndGlobalSection
	GlobalSection(ExtensibilityGlobals) = postSolution
		SolutionGuid = {B2CEDDA4-1EC5-4200-B365-BB7836A26366}
	EndGlobalSection
EndGlobal
